
Microsoft Visual Studio Solution File, Format Version 12.00
# Visual Studio Version 17
VisualStudioVersion = 17.5.002.0
MinimumVisualStudioVersion = 10.0.40219.1
Project("{9A19103F-16F7-4668-BE54-9A1E7A4F7556}") = "CsvReader", "CsvReader.csproj", "{AD85B098-1A00-43EA-8B7E-64C4AB0447D8}"
EndProject
Project("{FAE04EC0-301F-11D3-BF4B-00C04F79EFBC}") = "CsvReader.Models", "..\CsvReader.Models\CsvReader.Models.csproj", "{6CFAF91F-C11C-480B-A522-5915AA23E9B7}"
EndProject
Project("{FAE04EC0-301F-11D3-BF4B-00C04F79EFBC}") = "CsvReader.Repo", "..\CsvReader.Repo\CsvReader.Repo.csproj", "{6947687A-C2F1-4BFB-A8BA-C957A5E0D10D}"
EndProject
Global
	GlobalSection(SolutionConfigurationPlatforms) = preSolution
		Debug|Any CPU = Debug|Any CPU
		Release|Any CPU = Release|Any CPU
	EndGlobalSection
	GlobalSection(ProjectConfigurationPlatforms) = postSolution
		{AD85B098-1A00-43EA-8B7E-64C4AB0447D8}.Debug|Any CPU.ActiveCfg = Debug|Any CPU
		{AD85B098-1A00-43EA-8B7E-64C4AB0447D8}.Debug|Any CPU.Build.0 = Debug|Any CPU
		{AD85B098-1A00-43EA-8B7E-64C4AB0447D8}.Release|Any CPU.ActiveCfg = Release|Any CPU
		{AD85B098-1A00-43EA-8B7E-64C4AB0447D8}.Release|Any CPU.Build.0 = Release|Any CPU
		{6CFAF91F-C11C-480B-A522-5915AA23E9B7}.Debug|Any CPU.ActiveCfg = Debug|Any CPU
		{6CFAF91F-C11C-480B-A522-5915AA23E9B7}.Debug|Any CPU.Build.0 = Debug|Any CPU
		{6CFAF91F-C11C-480B-A522-5915AA23E9B7}.Release|Any CPU.ActiveCfg = Release|Any CPU
		{6CFAF91F-C11C-480B-A522-5915AA23E9B7}.Release|Any CPU.Build.0 = Release|Any CPU
		{6947687A-C2F1-4BFB-A8BA-C957A5E0D10D}.Debug|Any CPU.ActiveCfg = Debug|Any CPU
		{6947687A-C2F1-4BFB-A8BA-C957A5E0D10D}.Debug|Any CPU.Build.0 = Debug|Any CPU
		{6947687A-C2F1-4BFB-A8BA-C957A5E0D10D}.Release|Any CPU.ActiveCfg = Release|Any CPU
		{6947687A-C2F1-4BFB-A8BA-C957A5E0D10D}.Release|Any CPU.Build.0 = Release|Any CPU
	EndGlobalSection
	GlobalSection(SolutionProperties) = preSolution
		HideSolutionNode = FALSE
	EndGlobalSection
	GlobalSection(ExtensibilityGlobals) = postSolution
		SolutionGuid = {8DCF9FF4-52B0-4846-B974-AA4CE09AC7CA}
	EndGlobalSection
EndGlobal
